
Microsoft Visual Studio Solution File, Format Version 12.00
# Visual Studio Version 16
VisualStudioVersion = 16.0.30711.63
MinimumVisualStudioVersion = 10.0.40219.1
Project("{FAE04EC0-301F-11D3-BF4B-00C04F79EFBC}") = "AuthorizationCianPageTests", "AuthorizationCianPageTests\AuthorizationCianPageTests.csproj", "{F7DF66AC-89FF-4C66-B904-99B399A438B1}"
EndProject
Global
	GlobalSection(SolutionConfigurationPlatforms) = preSolution
		Debug|Any CPU = Debug|Any CPU
		Release|Any CPU = Release|Any CPU
	EndGlobalSection
	GlobalSection(ProjectConfigurationPlatforms) = postSolution
		{F7DF66AC-89FF-4C66-B904-99B399A438B1}.Debug|Any CPU.ActiveCfg = Debug|Any CPU
		{F7DF66AC-89FF-4C66-B904-99B399A438B1}.Debug|Any CPU.Build.0 = Debug|Any CPU
		{F7DF66AC-89FF-4C66-B904-99B399A438B1}.Release|Any CPU.ActiveCfg = Release|Any CPU
		{F7DF66AC-89FF-4C66-B904-99B399A438B1}.Release|Any CPU.Build.0 = Release|Any CPU
	EndGlobalSection
	GlobalSection(SolutionProperties) = preSolution
		HideSolutionNode = FALSE
	EndGlobalSection
	GlobalSection(ExtensibilityGlobals) = postSolution
		SolutionGuid = {27924601-332A-4083-8268-613082657BD7}
	EndGlobalSection
EndGlobal
